
Microsoft Visual Studio Solution File, Format Version 12.00
# Visual Studio Version 16
VisualStudioVersion = 16.0.31624.102
MinimumVisualStudioVersion = 10.0.40219.1
Project("{FAE04EC0-301F-11D3-BF4B-00C04F79EFBC}") = "FileInputOutput", "FileInputOutput\FileInputOutput.csproj", "{0BEB4F2A-4F8D-4EF5-BB89-323F618E1651}"
EndProject
Global
	GlobalSection(SolutionConfigurationPlatforms) = preSolution
		Debug|Any CPU = Debug|Any CPU
		Release|Any CPU = Release|Any CPU
	EndGlobalSection
	GlobalSection(ProjectConfigurationPlatforms) = postSolution
		{0BEB4F2A-4F8D-4EF5-BB89-323F618E1651}.Debug|Any CPU.ActiveCfg = Debug|Any CPU
		{0BEB4F2A-4F8D-4EF5-BB89-323F618E1651}.Debug|Any CPU.Build.0 = Debug|Any CPU
		{0BEB4F2A-4F8D-4EF5-BB89-323F618E1651}.Release|Any CPU.ActiveCfg = Release|Any CPU
		{0BEB4F2A-4F8D-4EF5-BB89-323F618E1651}.Release|Any CPU.Build.0 = Release|Any CPU
	EndGlobalSection
	GlobalSection(SolutionProperties) = preSolution
		HideSolutionNode = FALSE
	EndGlobalSection
	GlobalSection(ExtensibilityGlobals) = postSolution
		SolutionGuid = {7EC2FD1E-65F3-424E-B55E-7C76D0C42BC0}
	EndGlobalSection
EndGlobal
